// !$*UTF8*$!
{
	archiveVersion = 1;
	classes = {
	};
	objectVersion = 46;
	objects = {

/* Begin PBXBuildFile section */
		314E48291C71748800BBEFA8 /* AppDelegate.swift in Sources */ = {isa = PBXBuildFile; fileRef = 314E48281C71748800BBEFA8 /* AppDelegate.swift */; };
		314E482B1C71748800BBEFA8 /* ViewController.swift in Sources */ = {isa = PBXBuildFile; fileRef = 314E482A1C71748800BBEFA8 /* ViewController.swift */; };
		314E482E1C71748800BBEFA8 /* Main.storyboard in Resources */ = {isa = PBXBuildFile; fileRef = 314E482C1C71748800BBEFA8 /* Main.storyboard */; };
		314E48301C71748800BBEFA8 /* Assets.xcassets in Resources */ = {isa = PBXBuildFile; fileRef = 314E482F1C71748800BBEFA8 /* Assets.xcassets */; };
		314E48331C71748800BBEFA8 /* LaunchScreen.storyboard in Resources */ = {isa = PBXBuildFile; fileRef = 314E48311C71748800BBEFA8 /* LaunchScreen.storyboard */; };
/* End PBXBuildFile section */

/* Begin PBXFileReference section */
		314E48251C71748800BBEFA8 /* MyNavBar.app */ = {isa = PBXFileReference; explicitFileType = wrapper.application; includeInIndex = 0; path = MyNavBar.app; sourceTree = BUILT_PRODUCTS_DIR; };
		314E48281C71748800BBEFA8 /* AppDelegate.swift */ = {isa = PBXFileReference; lastKnownFileType = sourcecode.swift; path = AppDelegate.swift; sourceTree = "<group>"; };
		314E482A1C71748800BBEFA8 /* ViewController.swift */ = {isa = PBXFileReference; lastKnownFileType = sourcecode.swift; path = ViewController.swift; sourceTree = "<group>"; };
		314E482D1C71748800BBEFA8 /* Base */ = {isa = PBXFileReference; lastKnownFileType = file.storyboard; name = Base; path = Base.lproj/Main.storyboard; sourceTree = "<group>"; };
		314E482F1C71748800BBEFA8 /* Assets.xcassets */ = {isa = PBXFileReference; lastKnownFileType = folder.assetcatalog; path = Assets.xcassets; sourceTree = "<group>"; };
		314E48321C71748800BBEFA8 /* Base */ = {isa = PBXFileReference; lastKnownFileType = file.storyboard; name = Base; path = Base.lproj/LaunchScreen.storyboard; sourceTree = "<group>"; };
		314E48341C71748800BBEFA8 /* Info.plist */ = {isa = PBXFileReference; lastKnownFileType = text.plist.xml; path = Info.plist; sourceTree = "<group>"; };
/* End PBXFileReference section */

/* Begin PBXFrameworksBuildPhase section */
		314E48221C71748800BBEFA8 /* Frameworks */ = {
			isa = PBXFrameworksBuildPhase;
			buildActionMask = 2147483647;
			files = (
			);
			runOnlyForDeploymentPostprocessing = 0;
		};
/* End PBXFrameworksBuildPhase section */

/* Begin PBXGroup section */
		314E481C1C71748800BBEFA8 = {
			isa = PBXGroup;
			children = (
				314E48271C71748800BBEFA8 /* MyNavBar */,
				314E48261C71748800BBEFA8 /* Products */,
			);
			sourceTree = "<group>";
		};
		314E48261C71748800BBEFA8 /* Products */ = {
			isa = PBXGroup;
			children = (
				314E48251C71748800BBEFA8 /* MyNavBar.app */,
			);
			name = Products;
			sourceTree = "<group>";
		};
		314E48271C71748800BBEFA8 /* MyNavBar */ = {
			isa = PBXGroup;
			children = (
				314E48281C71748800BBEFA8 /* AppDelegate.swift */,
				314E482A1C71748800BBEFA8 /* ViewController.swift */,
				314E482C1C71748800BBEFA8 /* Main.storyboard */,
				314E482F1C71748800BBEFA8 /* Assets.xcassets */,
				314E48311C71748800BBEFA8 /* LaunchScreen.storyboard */,
				314E48341C71748800BBEFA8 /* Info.plist */,
			);
			path = MyNavBar;
			sourceTree = "<group>";
		};
/* End PBXGroup section */

/* Begin PBXNativeTarget section */
		314E48241C71748800BBEFA8 /* MyNavBar */ = {
			isa = PBXNativeTarget;
			buildConfigurationList = 314E48371C71748800BBEFA8 /* Build configuration list for PBXNativeTarget "MyNavBar" */;
			buildPhases = (
				314E48211C71748800BBEFA8 /* Sources */,
				314E48221C71748800BBEFA8 /* Frameworks */,
				314E48231C71748800BBEFA8 /* Resources */,
			);
			buildRules = (
			);
			dependencies = (
			);
			name = MyNavBar;
			productName = MyNavBar;
			productReference = 314E48251C71748800BBEFA8 /* MyNavBar.app */;
			productType = "com.apple.product-type.application";
		};
/* End PBXNativeTarget section */

/* Begin PBXProject section */
		314E481D1C71748800BBEFA8 /* Project object */ = {
			isa = PBXProject;
			attributes = {
				LastSwiftUpdateCheck = 0720;
				LastUpgradeCheck = 0720;
				ORGANIZATIONNAME = "Jakkawad Chaiplee";
				TargetAttributes = {
					314E48241C71748800BBEFA8 = {
						CreatedOnToolsVersion = 7.2.1;
						DevelopmentTeam = Z32K7UXVG2;
					};
				};
			};
			buildConfigurationList = 314E48201C71748800BBEFA8 /* Build configuration list for PBXProject "MyNavBar" */;
			compatibilityVersion = "Xcode 3.2";
			developmentRegion = English;
			hasScannedForEncodings = 0;
			knownRegions = (
				en,
				Base,
			);
			mainGroup = 314E481C1C71748800BBEFA8;
			productRefGroup = 314E48261C71748800BBEFA8 /* Products */;
			projectDirPath = "";
			projectRoot = "";
			targets = (
				314E48241C71748800BBEFA8 /* MyNavBar */,
			);
		};
/* End PBXProject section */

/* Begin PBXResourcesBuildPhase section */
		314E48231C71748800BBEFA8 /* Resources */ = {
			isa = PBXResourcesBuildPhase;
			buildActionMask = 2147483647;
			files = (
				314E48331C71748800BBEFA8 /* LaunchScreen.storyboard in Resources */,
				314E48301C71748800BBEFA8 /* Assets.xcassets in Resources */,
				314E482E1C71748800BBEFA8 /* Main.storyboard in Resources */,
			);
			runOnlyForDeploymentPostprocessing = 0;
		};
/* End PBXResourcesBuildPhase section */

/* Begin PBXSourcesBuildPhase section */
		314E48211C71748800BBEFA8 /* Sources */ = {
			isa = PBXSourcesBuildPhase;
			buildActionMask = 2147483647;
			files = (
				314E482B1C71748800BBEFA8 /* ViewController.swift in Sources */,
				314E48291C71748800BBEFA8 /* AppDelegate.swift in Sources */,
			);
			runOnlyForDeploymentPostprocessing = 0;
		};
/* End PBXSourcesBuildPhase section */

/* Begin PBXVariantGroup section */
		314E482C1C71748800BBEFA8 /* Main.storyboard */ = {
			isa = PBXVariantGroup;
			children = (
				314E482D1C71748800BBEFA8 /* Base */,
			);
			name = Main.storyboard;
			sourceTree = "<group>";
		};
		314E48311C71748800BBEFA8 /* LaunchScreen.storyboard */ = {
			isa = PBXVariantGroup;
			children = (
				314E48321C71748800BBEFA8 /* Base */,
			);
			name = LaunchScreen.storyboard;
			sourceTree = "<group>";
		};
/* End PBXVariantGroup section */

/* Begin XCBuildConfiguration section */
		314E48351C71748800BBEFA8 /* Debug */ = {
			isa = XCBuildConfiguration;
			buildSettings = {
				ALWAYS_SEARCH_USER_PATHS = NO;
				CLANG_CXX_LANGUAGE_STANDARD = "gnu++0x";
				CLANG_CXX_LIBRARY = "libc++";
				CLANG_ENABLE_MODULES = YES;
				CLANG_ENABLE_OBJC_ARC = YES;
				CLANG_WARN_BOOL_CONVERSION = YES;
				CLANG_WARN_CONSTANT_CONVERSION = YES;
				CLANG_WARN_DIRECT_OBJC_ISA_USAGE = YES_ERROR;
				CLANG_WARN_EMPTY_BODY = YES;
				CLANG_WARN_ENUM_CONVERSION = YES;
				CLANG_WARN_INT_CONVERSION = YES;
				CLANG_WARN_OBJC_ROOT_CLASS = YES_ERROR;
				CLANG_WARN_UNREACHABLE_CODE = YES;
				CLANG_WARN__DUPLICATE_METHOD_MATCH = YES;
				"CODE_SIGN_IDENTITY[sdk=iphoneos*]" = "iPhone Developer";
				COPY_PHASE_STRIP = NO;
				DEBUG_INFORMATION_FORMAT = dwarf;
				ENABLE_STRICT_OBJC_MSGSEND = YES;
				ENABLE_TESTABILITY = YES;
				GCC_C_LANGUAGE_STANDARD = gnu99;
				GCC_DYNAMIC_NO_PIC = NO;
				GCC_NO_COMMON_BLOCKS = YES;
				GCC_OPTIMIZATION_LEVEL = 0;
				GCC_PREPROCESSOR_DEFINITIONS = (
					"DEBUG=1",
					"$(inherited)",
				);
				GCC_WARN_64_TO_32_BIT_CONVERSION = YES;
				GCC_WARN_ABOUT_RETURN_TYPE = YES_ERROR;
				GCC_WARN_UNDECLARED_SELECTOR = YES;
				GCC_WARN_UNINITIALIZED_AUTOS = YES_AGGRESSIVE;
				GCC_WARN_UNUSED_FUNCTION = YES;
				GCC_WARN_UNUSED_VARIABLE = YES;
				IPHONEOS_DEPLOYMENT_TARGET = 9.2;
				MTL_ENABLE_DEBUG_INFO = YES;
				ONLY_ACTIVE_ARCH = YES;
				SDKROOT = iphoneos;
				SWIFT_OPTIMIZATION_LEVEL = "-Onone";
				TARGETED_DEVICE_FAMILY = "1,2";
			};
			name = Debug;
		};
		314E48361C71748800BBEFA8 /* Release */ = {
			isa = XCBuildConfiguration;
			buildSettings = {
				ALWAYS_SEARCH_USER_PATHS = NO;
				CLANG_CXX_LANGUAGE_STANDARD = "gnu++0x";
				CLANG_CXX_LIBRARY = "libc++";
				CLANG_ENABLE_MODULES = YES;
				CLANG_ENABLE_OBJC_ARC = YES;
				CLANG_WARN_BOOL_CONVERSION = YES;
				CLANG_WARN_CONSTANT_CONVERSION = YES;
				CLANG_WARN_DIRECT_OBJC_ISA_USAGE = YES_ERROR;
				CLANG_WARN_EMPTY_BODY = YES;
				CLANG_WARN_ENUM_CONVERSION = YES;
				CLANG_WARN_INT_CONVERSION = YES;
				CLANG_WARN_OBJC_ROOT_CLASS = YES_ERROR;
				CLANG_WARN_UNREACHABLE_CODE = YES;
				CLANG_WARN__DUPLICATE_METHOD_MATCH = YES;
				"CODE_SIGN_IDENTITY[sdk=iphoneos*]" = "iPhone Developer";
				COPY_PHASE_STRIP = NO;
				DEBUG_INFORMATION_FORMAT = "dwarf-with-dsym";
				ENABLE_NS_ASSERTIONS = NO;
				ENABLE_STRICT_OBJC_MSGSEND = YES;
				GCC_C_LANGUAGE_STANDARD = gnu99;
				GCC_NO_COMMON_BLOCKS = YES;
				GCC_WARN_64_TO_32_BIT_CONVERSION = YES;
				GCC_WARN_ABOUT_RETURN_TYPE = YES_ERROR;
				GCC_WARN_UNDECLARED_SELECTOR = YES;
				GCC_WARN_UNINITIALIZED_AUTOS = YES_AGGRESSIVE;
				GCC_WARN_UNUSED_FUNCTION = YES;
				GCC_WARN_UNUSED_VARIABLE = YES;
				IPHONEOS_DEPLOYMENT_TARGET = 9.2;
				MTL_ENABLE_DEBUG_INFO = NO;
				SDKROOT = iphoneos;
				TARGETED_DEVICE_FAMILY = "1,2";
				VALIDATE_PRODUCT = YES;
			};
			name = Release;
		};
		314E48381C71748800BBEFA8 /* Debug */ = {
			isa = XCBuildConfiguration;
			buildSettings = {
				ASSETCATALOG_COMPILER_APPICON_NAME = AppIcon;
				INFOPLIST_FILE = MyNavBar/Info.plist;
				LD_RUNPATH_SEARCH_PATHS = "$(inherited) @executable_path/Frameworks";
				PRODUCT_BUNDLE_IDENTIFIER = "com.sunny-juof.MyNavBar";
				PRODUCT_NAME = "$(TARGET_NAME)";
			};
			name = Debug;
		};
		314E48391C71748800BBEFA8 /* Release */ = {
			isa = XCBuildConfiguration;
			buildSettings = {
				ASSETCATALOG_COMPILER_APPICON_NAME = AppIcon;
				INFOPLIST_FILE = MyNavBar/Info.plist;
				LD_RUNPATH_SEARCH_PATHS = "$(inherited) @executable_path/Frameworks";
				PRODUCT_BUNDLE_IDENTIFIER = "com.sunny-juof.MyNavBar";
				PRODUCT_NAME = "$(TARGET_NAME)";
			};
			name = Release;
		};
/* End XCBuildConfiguration section */

/* Begin XCConfigurationList section */
		314E48201C71748800BBEFA8 /* Build configuration list for PBXProject "MyNavBar" */ = {
			isa = XCConfigurationList;
			buildConfigurations = (
				314E48351C71748800BBEFA8 /* Debug */,
				314E48361C71748800BBEFA8 /* Release */,
			);
			defaultConfigurationIsVisible = 0;
			defaultConfigurationName = Release;
		};
		314E48371C71748800BBEFA8 /* Build configuration list for PBXNativeTarget "MyNavBar" */ = {
			isa = XCConfigurationList;
			buildConfigurations = (
				314E48381C71748800BBEFA8 /* Debug */,
				314E48391C71748800BBEFA8 /* Release */,
			);
			defaultConfigurationIsVisible = 0;
		};
/* End XCConfigurationList section */
	};
	rootObject = 314E481D1C71748800BBEFA8 /* Project object */;
}
